
Microsoft Visual Studio Solution File, Format Version 12.00
# Visual Studio Version 16
VisualStudioVersion = 16.0.31613.86
MinimumVisualStudioVersion = 10.0.40219.1
Project("{FAE04EC0-301F-11D3-BF4B-00C04F79EFBC}") = "Labb2", "Labb2\Labb2.csproj", "{B9DC6BD0-F2E8-4CFB-84EE-E92664C009EB}"
EndProject
Global
	GlobalSection(SolutionConfigurationPlatforms) = preSolution
		Debug|Any CPU = Debug|Any CPU
		Release|Any CPU = Release|Any CPU
	EndGlobalSection
	GlobalSection(ProjectConfigurationPlatforms) = postSolution
		{B9DC6BD0-F2E8-4CFB-84EE-E92664C009EB}.Debug|Any CPU.ActiveCfg = Debug|Any CPU
		{B9DC6BD0-F2E8-4CFB-84EE-E92664C009EB}.Debug|Any CPU.Build.0 = Debug|Any CPU
		{B9DC6BD0-F2E8-4CFB-84EE-E92664C009EB}.Release|Any CPU.ActiveCfg = Release|Any CPU
		{B9DC6BD0-F2E8-4CFB-84EE-E92664C009EB}.Release|Any CPU.Build.0 = Release|Any CPU
	EndGlobalSection
	GlobalSection(SolutionProperties) = preSolution
		HideSolutionNode = FALSE
	EndGlobalSection
	GlobalSection(ExtensibilityGlobals) = postSolution
		SolutionGuid = {DC99D4E6-632B-4ADA-9898-EAA2B4561591}
	EndGlobalSection
EndGlobal
